
Microsoft Visual Studio Solution File, Format Version 12.00
# Visual Studio 14
VisualStudioVersion = 14.0.25420.1
MinimumVisualStudioVersion = 10.0.40219.1
Project("{FAE04EC0-301F-11D3-BF4B-00C04F79EFBC}") = "VENDAS.WebUI", "VENDAS.WebUI\VENDAS.WebUI.csproj", "{26D99CD8-D32D-4471-9DE3-B8D4379DE13A}"
EndProject
Project("{FAE04EC0-301F-11D3-BF4B-00C04F79EFBC}") = "VENDAS.Models", "VENDAS.Models\VENDAS.Models.csproj", "{2A28992A-C0CC-45D5-ADC5-9CF95A276B8B}"
EndProject
Project("{FAE04EC0-301F-11D3-BF4B-00C04F79EFBC}") = "VENDAS.DataAccess", "VENDAS.DataAccess\VENDAS.DataAccess.csproj", "{F1D664EF-0A14-4C34-88A6-13297951243A}"
EndProject
Global
	GlobalSection(SolutionConfigurationPlatforms) = preSolution
		Debug|Any CPU = Debug|Any CPU
		Release|Any CPU = Release|Any CPU
	EndGlobalSection
	GlobalSection(ProjectConfigurationPlatforms) = postSolution
		{26D99CD8-D32D-4471-9DE3-B8D4379DE13A}.Debug|Any CPU.ActiveCfg = Debug|Any CPU
		{26D99CD8-D32D-4471-9DE3-B8D4379DE13A}.Debug|Any CPU.Build.0 = Debug|Any CPU
		{26D99CD8-D32D-4471-9DE3-B8D4379DE13A}.Release|Any CPU.ActiveCfg = Release|Any CPU
		{26D99CD8-D32D-4471-9DE3-B8D4379DE13A}.Release|Any CPU.Build.0 = Release|Any CPU
		{2A28992A-C0CC-45D5-ADC5-9CF95A276B8B}.Debug|Any CPU.ActiveCfg = Debug|Any CPU
		{2A28992A-C0CC-45D5-ADC5-9CF95A276B8B}.Debug|Any CPU.Build.0 = Debug|Any CPU
		{2A28992A-C0CC-45D5-ADC5-9CF95A276B8B}.Release|Any CPU.ActiveCfg = Release|Any CPU
		{2A28992A-C0CC-45D5-ADC5-9CF95A276B8B}.Release|Any CPU.Build.0 = Release|Any CPU
		{F1D664EF-0A14-4C34-88A6-13297951243A}.Debug|Any CPU.ActiveCfg = Debug|Any CPU
		{F1D664EF-0A14-4C34-88A6-13297951243A}.Debug|Any CPU.Build.0 = Debug|Any CPU
		{F1D664EF-0A14-4C34-88A6-13297951243A}.Release|Any CPU.ActiveCfg = Release|Any CPU
		{F1D664EF-0A14-4C34-88A6-13297951243A}.Release|Any CPU.Build.0 = Release|Any CPU
	EndGlobalSection
	GlobalSection(SolutionProperties) = preSolution
		HideSolutionNode = FALSE
	EndGlobalSection
EndGlobal
