
Microsoft Visual Studio Solution File, Format Version 12.00
# Visual Studio 14
VisualStudioVersion = 14.0.25420.1
MinimumVisualStudioVersion = 10.0.40219.1
Project("{FAE04EC0-301F-11D3-BF4B-00C04F79EFBC}") = "ViagemPeloTempo", "ViagemPeloTempo\ViagemPeloTempo.csproj", "{F6194577-2EB4-43BC-9BDE-B91E68F72FE6}"
EndProject
Project("{FAE04EC0-301F-11D3-BF4B-00C04F79EFBC}") = "ViagemPeloTempo.Models", "ViagemPeloTempo.Models\ViagemPeloTempo.Models.csproj", "{064B7B2A-3140-4E40-9869-1618A75BE467}"
EndProject
Project("{FAE04EC0-301F-11D3-BF4B-00C04F79EFBC}") = "ViagemPeloTempo.DataAccess", "ViagemPeloTempo.DataAccess\ViagemPeloTempo.DataAccess.csproj", "{730499C3-BE5E-4F16-BBF7-8445AE92F90B}"
EndProject
Global
	GlobalSection(SolutionConfigurationPlatforms) = preSolution
		Debug|Any CPU = Debug|Any CPU
		Release|Any CPU = Release|Any CPU
	EndGlobalSection
	GlobalSection(ProjectConfigurationPlatforms) = postSolution
		{F6194577-2EB4-43BC-9BDE-B91E68F72FE6}.Debug|Any CPU.ActiveCfg = Debug|Any CPU
		{F6194577-2EB4-43BC-9BDE-B91E68F72FE6}.Debug|Any CPU.Build.0 = Debug|Any CPU
		{F6194577-2EB4-43BC-9BDE-B91E68F72FE6}.Release|Any CPU.ActiveCfg = Release|Any CPU
		{F6194577-2EB4-43BC-9BDE-B91E68F72FE6}.Release|Any CPU.Build.0 = Release|Any CPU
		{064B7B2A-3140-4E40-9869-1618A75BE467}.Debug|Any CPU.ActiveCfg = Debug|Any CPU
		{064B7B2A-3140-4E40-9869-1618A75BE467}.Debug|Any CPU.Build.0 = Debug|Any CPU
		{064B7B2A-3140-4E40-9869-1618A75BE467}.Release|Any CPU.ActiveCfg = Release|Any CPU
		{064B7B2A-3140-4E40-9869-1618A75BE467}.Release|Any CPU.Build.0 = Release|Any CPU
		{730499C3-BE5E-4F16-BBF7-8445AE92F90B}.Debug|Any CPU.ActiveCfg = Debug|Any CPU
		{730499C3-BE5E-4F16-BBF7-8445AE92F90B}.Debug|Any CPU.Build.0 = Debug|Any CPU
		{730499C3-BE5E-4F16-BBF7-8445AE92F90B}.Release|Any CPU.ActiveCfg = Release|Any CPU
		{730499C3-BE5E-4F16-BBF7-8445AE92F90B}.Release|Any CPU.Build.0 = Release|Any CPU
	EndGlobalSection
	GlobalSection(SolutionProperties) = preSolution
		HideSolutionNode = FALSE
	EndGlobalSection
EndGlobal
